
Microsoft Visual Studio Solution File, Format Version 12.00
# Visual Studio Version 16
VisualStudioVersion = 16.0.29418.71
MinimumVisualStudioVersion = 10.0.40219.1
Project("{FAE04EC0-301F-11D3-BF4B-00C04F79EFBC}") = "ThrottlingSharepoint", "ThrottlingSharepoint\ThrottlingSharepoint.csproj", "{02F2F3BB-8C73-42C4-9AE4-0A89B47E4D1F}"
EndProject
Global
	GlobalSection(SolutionConfigurationPlatforms) = preSolution
		Debug|Any CPU = Debug|Any CPU
		Release|Any CPU = Release|Any CPU
	EndGlobalSection
	GlobalSection(ProjectConfigurationPlatforms) = postSolution
		{02F2F3BB-8C73-42C4-9AE4-0A89B47E4D1F}.Debug|Any CPU.ActiveCfg = Debug|Any CPU
		{02F2F3BB-8C73-42C4-9AE4-0A89B47E4D1F}.Debug|Any CPU.Build.0 = Debug|Any CPU
		{02F2F3BB-8C73-42C4-9AE4-0A89B47E4D1F}.Release|Any CPU.ActiveCfg = Release|Any CPU
		{02F2F3BB-8C73-42C4-9AE4-0A89B47E4D1F}.Release|Any CPU.Build.0 = Release|Any CPU
	EndGlobalSection
	GlobalSection(SolutionProperties) = preSolution
		HideSolutionNode = FALSE
	EndGlobalSection
	GlobalSection(ExtensibilityGlobals) = postSolution
		SolutionGuid = {C52D0B06-78C5-4893-B7DD-789DAFFF1CCC}
	EndGlobalSection
EndGlobal
